
Microsoft Visual Studio Solution File, Format Version 12.00
# Visual Studio Version 17
VisualStudioVersion = 17.10.35122.118
MinimumVisualStudioVersion = 10.0.40219.1
Project("{FAE04EC0-301F-11D3-BF4B-00C04F79EFBC}") = "OnlineGroceryManagementSystem", "OnlineGroceryManagementSystem.csproj", "{8D7C14F0-B8E1-4795-80A1-6453DF92767C}"
EndProject
Global
	GlobalSection(SolutionConfigurationPlatforms) = preSolution
		Debug|Any CPU = Debug|Any CPU
		Release|Any CPU = Release|Any CPU
	EndGlobalSection
	GlobalSection(ProjectConfigurationPlatforms) = postSolution
		{8D7C14F0-B8E1-4795-80A1-6453DF92767C}.Debug|Any CPU.ActiveCfg = Debug|Any CPU
		{8D7C14F0-B8E1-4795-80A1-6453DF92767C}.Debug|Any CPU.Build.0 = Debug|Any CPU
		{8D7C14F0-B8E1-4795-80A1-6453DF92767C}.Release|Any CPU.ActiveCfg = Release|Any CPU
		{8D7C14F0-B8E1-4795-80A1-6453DF92767C}.Release|Any CPU.Build.0 = Release|Any CPU
	EndGlobalSection
	GlobalSection(SolutionProperties) = preSolution
		HideSolutionNode = FALSE
	EndGlobalSection
	GlobalSection(ExtensibilityGlobals) = postSolution
		SolutionGuid = {62A262EB-617C-4784-A670-93DC145F5D25}
	EndGlobalSection
EndGlobal
